
Microsoft Visual Studio Solution File, Format Version 12.00
# Visual Studio Version 17
VisualStudioVersion = 17.1.32421.90
MinimumVisualStudioVersion = 10.0.40219.1
Project("{FAE04EC0-301F-11D3-BF4B-00C04F79EFBC}") = "Group24_assignment3", "Group24_assignment3\Group24_assignment3.csproj", "{054FFA29-CE28-4524-844A-631DB681172A}"
EndProject
Global
	GlobalSection(SolutionConfigurationPlatforms) = preSolution
		Debug|Any CPU = Debug|Any CPU
		Release|Any CPU = Release|Any CPU
	EndGlobalSection
	GlobalSection(ProjectConfigurationPlatforms) = postSolution
		{054FFA29-CE28-4524-844A-631DB681172A}.Debug|Any CPU.ActiveCfg = Debug|Any CPU
		{054FFA29-CE28-4524-844A-631DB681172A}.Debug|Any CPU.Build.0 = Debug|Any CPU
		{054FFA29-CE28-4524-844A-631DB681172A}.Release|Any CPU.ActiveCfg = Release|Any CPU
		{054FFA29-CE28-4524-844A-631DB681172A}.Release|Any CPU.Build.0 = Release|Any CPU
	EndGlobalSection
	GlobalSection(SolutionProperties) = preSolution
		HideSolutionNode = FALSE
	EndGlobalSection
	GlobalSection(ExtensibilityGlobals) = postSolution
		SolutionGuid = {FE4F0F6C-0B71-4F7D-B978-DB06AC40BC73}
	EndGlobalSection
EndGlobal
